
Microsoft Visual Studio Solution File, Format Version 12.00
# Visual Studio Version 17
VisualStudioVersion = 17.3.32825.248
MinimumVisualStudioVersion = 10.0.40219.1
Project("{9A19103F-16F7-4668-BE54-9A1E7A4F7556}") = "InsuranceCertificates.Web", "InsuranceCertificates.Web.csproj", "{90C314D4-3AF0-416D-A22F-544FC182029F}"
EndProject
Project("{9A19103F-16F7-4668-BE54-9A1E7A4F7556}") = "ServiceTests", "..\ServiceTests\ServiceTests.csproj", "{00242EA7-5A3E-4E1E-BDF1-5CA3E342E34F}"
EndProject
Project("{9A19103F-16F7-4668-BE54-9A1E7A4F7556}") = "Core", "..\Core\Core.csproj", "{D19179B0-864F-44CA-91D1-D7D11CF62B6F}"
EndProject
Project("{9A19103F-16F7-4668-BE54-9A1E7A4F7556}") = "DataAccess", "..\Data\DataAccess.csproj", "{F10AB581-0A20-44B1-9EEF-79C7803E5582}"
EndProject
Project("{9A19103F-16F7-4668-BE54-9A1E7A4F7556}") = "Services", "..\Services\Services.csproj", "{8EDFBC5A-A127-4F3E-927E-5A209EE962B7}"
EndProject
Project("{2150E333-8FDC-42A3-9474-1A3956D46DE8}") = "tests", "tests", "{DBB88FFD-E502-4CAE-9C69-B4928114309A}"
EndProject
Project("{2150E333-8FDC-42A3-9474-1A3956D46DE8}") = "src", "src", "{62DFAAA1-A25B-47A2-BB00-0B3A69981E32}"
EndProject
Project("{9A19103F-16F7-4668-BE54-9A1E7A4F7556}") = "Common", "..\Common\Common.csproj", "{600982FF-F2D0-4732-8718-AB77C25BA598}"
EndProject
Project("{FAE04EC0-301F-11D3-BF4B-00C04F79EFBC}") = "InsuranceCertificates.WebTests", "..\InsuranceCertificates.WebTests\InsuranceCertificates.WebTests.csproj", "{4328864C-0281-42AD-8186-945DD76BA610}"
EndProject
Global
	GlobalSection(SolutionConfigurationPlatforms) = preSolution
		Debug|Any CPU = Debug|Any CPU
		Release|Any CPU = Release|Any CPU
	EndGlobalSection
	GlobalSection(ProjectConfigurationPlatforms) = postSolution
		{90C314D4-3AF0-416D-A22F-544FC182029F}.Debug|Any CPU.ActiveCfg = Debug|Any CPU
		{90C314D4-3AF0-416D-A22F-544FC182029F}.Debug|Any CPU.Build.0 = Debug|Any CPU
		{90C314D4-3AF0-416D-A22F-544FC182029F}.Release|Any CPU.ActiveCfg = Release|Any CPU
		{90C314D4-3AF0-416D-A22F-544FC182029F}.Release|Any CPU.Build.0 = Release|Any CPU
		{00242EA7-5A3E-4E1E-BDF1-5CA3E342E34F}.Debug|Any CPU.ActiveCfg = Debug|Any CPU
		{00242EA7-5A3E-4E1E-BDF1-5CA3E342E34F}.Debug|Any CPU.Build.0 = Debug|Any CPU
		{00242EA7-5A3E-4E1E-BDF1-5CA3E342E34F}.Release|Any CPU.ActiveCfg = Release|Any CPU
		{00242EA7-5A3E-4E1E-BDF1-5CA3E342E34F}.Release|Any CPU.Build.0 = Release|Any CPU
		{D19179B0-864F-44CA-91D1-D7D11CF62B6F}.Debug|Any CPU.ActiveCfg = Debug|Any CPU
		{D19179B0-864F-44CA-91D1-D7D11CF62B6F}.Debug|Any CPU.Build.0 = Debug|Any CPU
		{D19179B0-864F-44CA-91D1-D7D11CF62B6F}.Release|Any CPU.ActiveCfg = Release|Any CPU
		{D19179B0-864F-44CA-91D1-D7D11CF62B6F}.Release|Any CPU.Build.0 = Release|Any CPU
		{F10AB581-0A20-44B1-9EEF-79C7803E5582}.Debug|Any CPU.ActiveCfg = Debug|Any CPU
		{F10AB581-0A20-44B1-9EEF-79C7803E5582}.Debug|Any CPU.Build.0 = Debug|Any CPU
		{F10AB581-0A20-44B1-9EEF-79C7803E5582}.Release|Any CPU.ActiveCfg = Release|Any CPU
		{F10AB581-0A20-44B1-9EEF-79C7803E5582}.Release|Any CPU.Build.0 = Release|Any CPU
		{8EDFBC5A-A127-4F3E-927E-5A209EE962B7}.Debug|Any CPU.ActiveCfg = Debug|Any CPU
		{8EDFBC5A-A127-4F3E-927E-5A209EE962B7}.Debug|Any CPU.Build.0 = Debug|Any CPU
		{8EDFBC5A-A127-4F3E-927E-5A209EE962B7}.Release|Any CPU.ActiveCfg = Release|Any CPU
		{8EDFBC5A-A127-4F3E-927E-5A209EE962B7}.Release|Any CPU.Build.0 = Release|Any CPU
		{600982FF-F2D0-4732-8718-AB77C25BA598}.Debug|Any CPU.ActiveCfg = Debug|Any CPU
		{600982FF-F2D0-4732-8718-AB77C25BA598}.Debug|Any CPU.Build.0 = Debug|Any CPU
		{600982FF-F2D0-4732-8718-AB77C25BA598}.Release|Any CPU.ActiveCfg = Release|Any CPU
		{600982FF-F2D0-4732-8718-AB77C25BA598}.Release|Any CPU.Build.0 = Release|Any CPU
		{4328864C-0281-42AD-8186-945DD76BA610}.Debug|Any CPU.ActiveCfg = Debug|Any CPU
		{4328864C-0281-42AD-8186-945DD76BA610}.Debug|Any CPU.Build.0 = Debug|Any CPU
		{4328864C-0281-42AD-8186-945DD76BA610}.Release|Any CPU.ActiveCfg = Release|Any CPU
		{4328864C-0281-42AD-8186-945DD76BA610}.Release|Any CPU.Build.0 = Release|Any CPU
	EndGlobalSection
	GlobalSection(SolutionProperties) = preSolution
		HideSolutionNode = FALSE
	EndGlobalSection
	GlobalSection(NestedProjects) = preSolution
		{90C314D4-3AF0-416D-A22F-544FC182029F} = {62DFAAA1-A25B-47A2-BB00-0B3A69981E32}
		{00242EA7-5A3E-4E1E-BDF1-5CA3E342E34F} = {DBB88FFD-E502-4CAE-9C69-B4928114309A}
		{D19179B0-864F-44CA-91D1-D7D11CF62B6F} = {62DFAAA1-A25B-47A2-BB00-0B3A69981E32}
		{F10AB581-0A20-44B1-9EEF-79C7803E5582} = {62DFAAA1-A25B-47A2-BB00-0B3A69981E32}
		{8EDFBC5A-A127-4F3E-927E-5A209EE962B7} = {62DFAAA1-A25B-47A2-BB00-0B3A69981E32}
		{600982FF-F2D0-4732-8718-AB77C25BA598} = {DBB88FFD-E502-4CAE-9C69-B4928114309A}
		{4328864C-0281-42AD-8186-945DD76BA610} = {DBB88FFD-E502-4CAE-9C69-B4928114309A}
	EndGlobalSection
	GlobalSection(ExtensibilityGlobals) = postSolution
		SolutionGuid = {0006911C-1195-43E6-AE7D-A1F6853BC25C}
	EndGlobalSection
EndGlobal
